// !$*UTF8*$!
{
	archiveVersion = 1;
	classes = {
	};
	objectVersion = 50;
	objects = {

/* Begin PBXBuildFile section */
		1A506E6F25EAB9E400E51CE2 /* Tests_iOS.swift in Sources */ = {isa = PBXBuildFile; fileRef = 1A506E6E25EAB9E400E51CE2 /* Tests_iOS.swift */; };
		1A506E7A25EAB9E400E51CE2 /* Tests_macOS.swift in Sources */ = {isa = PBXBuildFile; fileRef = 1A506E7925EAB9E400E51CE2 /* Tests_macOS.swift */; };
		1A506E7C25EAB9E400E51CE2 /* X5336App.swift in Sources */ = {isa = PBXBuildFile; fileRef = 1A506E5225EAB9E300E51CE2 /* X5336App.swift */; };
		1A506E7D25EAB9E400E51CE2 /* X5336App.swift in Sources */ = {isa = PBXBuildFile; fileRef = 1A506E5225EAB9E300E51CE2 /* X5336App.swift */; };
		1A506E7E25EAB9E400E51CE2 /* X5336Document.swift in Sources */ = {isa = PBXBuildFile; fileRef = 1A506E5325EAB9E300E51CE2 /* X5336Document.swift */; };
		1A506E7F25EAB9E400E51CE2 /* X5336Document.swift in Sources */ = {isa = PBXBuildFile; fileRef = 1A506E5325EAB9E300E51CE2 /* X5336Document.swift */; };
		1A506E8025EAB9E400E51CE2 /* ContentView.swift in Sources */ = {isa = PBXBuildFile; fileRef = 1A506E5425EAB9E300E51CE2 /* ContentView.swift */; };
		1A506E8125EAB9E400E51CE2 /* ContentView.swift in Sources */ = {isa = PBXBuildFile; fileRef = 1A506E5425EAB9E300E51CE2 /* ContentView.swift */; };
		1A506E8225EAB9E400E51CE2 /* Assets.xcassets in Resources */ = {isa = PBXBuildFile; fileRef = 1A506E5525EAB9E400E51CE2 /* Assets.xcassets */; };
		1A506E8325EAB9E400E51CE2 /* Assets.xcassets in Resources */ = {isa = PBXBuildFile; fileRef = 1A506E5525EAB9E400E51CE2 /* Assets.xcassets */; };
		1ACA102B25EACA93009BDC78 /* X5336CommonTests.swift in Sources */ = {isa = PBXBuildFile; fileRef = 1ACA102A25EACA93009BDC78 /* X5336CommonTests.swift */; };
		1ADA969427669C6B0085162B /* ModuleTests.swift in Sources */ = {isa = PBXBuildFile; fileRef = 1ADA969327669C6B0085162B /* ModuleTests.swift */; };
		1ADA96A82766A4F50085162B /* Lsystem2DView.swift in Sources */ = {isa = PBXBuildFile; fileRef = 1ADA96A72766A4F50085162B /* Lsystem2DView.swift */; };
		1ADA96A92766A4F50085162B /* Lsystem2DView.swift in Sources */ = {isa = PBXBuildFile; fileRef = 1ADA96A72766A4F50085162B /* Lsystem2DView.swift */; };
/* End PBXBuildFile section */

/* Begin PBXContainerItemProxy section */
		1A506E6B25EAB9E400E51CE2 /* PBXContainerItemProxy */ = {
			isa = PBXContainerItemProxy;
			containerPortal = 1A506E4D25EAB9E300E51CE2 /* Project object */;
			proxyType = 1;
			remoteGlobalIDString = 1A506E5925EAB9E400E51CE2;
			remoteInfo = "X5336 (iOS)";
		};
		1A506E7625EAB9E400E51CE2 /* PBXContainerItemProxy */ = {
			isa = PBXContainerItemProxy;
			containerPortal = 1A506E4D25EAB9E300E51CE2 /* Project object */;
			proxyType = 1;
			remoteGlobalIDString = 1A506E6125EAB9E400E51CE2;
			remoteInfo = "X5336 (macOS)";
		};
/* End PBXContainerItemProxy section */

/* Begin PBXFileReference section */
		1A21EA2425EABB5200672BD3 /* Lindenmayer.swift */ = {isa = PBXFileReference; fileEncoding = 4; lastKnownFileType = sourcecode.swift; path = Lindenmayer.swift; sourceTree = "<group>"; };
		1A21EA2525EABB5200672BD3 /* LindenmayerView.swift */ = {isa = PBXFileReference; fileEncoding = 4; lastKnownFileType = sourcecode.swift; path = LindenmayerView.swift; sourceTree = "<group>"; };
		1A21EA2F25EABC4E00672BD3 /* README.md */ = {isa = PBXFileReference; lastKnownFileType = net.daringfireball.markdown; path = README.md; sourceTree = "<group>"; };
		1A4C53FA2693B1D800C7DBF5 /* notes */ = {isa = PBXFileReference; lastKnownFileType = folder; path = notes; sourceTree = "<group>"; };
		1A506E5225EAB9E300E51CE2 /* X5336App.swift */ = {isa = PBXFileReference; lastKnownFileType = sourcecode.swift; path = X5336App.swift; sourceTree = "<group>"; };
		1A506E5325EAB9E300E51CE2 /* X5336Document.swift */ = {isa = PBXFileReference; lastKnownFileType = sourcecode.swift; path = X5336Document.swift; sourceTree = "<group>"; };
		1A506E5425EAB9E300E51CE2 /* ContentView.swift */ = {isa = PBXFileReference; lastKnownFileType = sourcecode.swift; path = ContentView.swift; sourceTree = "<group>"; };
		1A506E5525EAB9E400E51CE2 /* Assets.xcassets */ = {isa = PBXFileReference; lastKnownFileType = folder.assetcatalog; path = Assets.xcassets; sourceTree = "<group>"; };
		1A506E5A25EAB9E400E51CE2 /* X5336.app */ = {isa = PBXFileReference; explicitFileType = wrapper.application; includeInIndex = 0; path = X5336.app; sourceTree = BUILT_PRODUCTS_DIR; };
		1A506E5D25EAB9E400E51CE2 /* Info.plist */ = {isa = PBXFileReference; lastKnownFileType = text.plist.xml; path = Info.plist; sourceTree = "<group>"; };
		1A506E6225EAB9E400E51CE2 /* X5336.app */ = {isa = PBXFileReference; explicitFileType = wrapper.application; includeInIndex = 0; path = X5336.app; sourceTree = BUILT_PRODUCTS_DIR; };
		1A506E6425EAB9E400E51CE2 /* Info.plist */ = {isa = PBXFileReference; lastKnownFileType = text.plist.xml; path = Info.plist; sourceTree = "<group>"; };
		1A506E6525EAB9E400E51CE2 /* macOS.entitlements */ = {isa = PBXFileReference; lastKnownFileType = text.plist.entitlements; path = macOS.entitlements; sourceTree = "<group>"; };
		1A506E6A25EAB9E400E51CE2 /* Tests iOS.xctest */ = {isa = PBXFileReference; explicitFileType = wrapper.cfbundle; includeInIndex = 0; path = "Tests iOS.xctest"; sourceTree = BUILT_PRODUCTS_DIR; };
		1A506E6E25EAB9E400E51CE2 /* Tests_iOS.swift */ = {isa = PBXFileReference; lastKnownFileType = sourcecode.swift; path = Tests_iOS.swift; sourceTree = "<group>"; };
		1A506E7025EAB9E400E51CE2 /* Info.plist */ = {isa = PBXFileReference; lastKnownFileType = text.plist.xml; path = Info.plist; sourceTree = "<group>"; };
		1A506E7525EAB9E400E51CE2 /* Tests macOS.xctest */ = {isa = PBXFileReference; explicitFileType = wrapper.cfbundle; includeInIndex = 0; path = "Tests macOS.xctest"; sourceTree = BUILT_PRODUCTS_DIR; };
		1A506E7925EAB9E400E51CE2 /* Tests_macOS.swift */ = {isa = PBXFileReference; lastKnownFileType = sourcecode.swift; path = Tests_macOS.swift; sourceTree = "<group>"; };
		1A506E7B25EAB9E400E51CE2 /* Info.plist */ = {isa = PBXFileReference; lastKnownFileType = text.plist.xml; path = Info.plist; sourceTree = "<group>"; };
		1A8CAC5025EAF4FF0011B6B4 /* X5336-Unit.xctestplan */ = {isa = PBXFileReference; lastKnownFileType = text; path = "X5336-Unit.xctestplan"; sourceTree = "<group>"; };
		1A8CAC5B25EAF5F80011B6B4 /* X5336-macOS.xctestplan */ = {isa = PBXFileReference; lastKnownFileType = text; path = "X5336-macOS.xctestplan"; sourceTree = "<group>"; };
		1A8CAC6125EAF60F0011B6B4 /* X5336-iOS.xctestplan */ = {isa = PBXFileReference; lastKnownFileType = text; path = "X5336-iOS.xctestplan"; sourceTree = "<group>"; };
		1ACA102825EACA93009BDC78 /* X5336CommonTests.xctest */ = {isa = PBXFileReference; explicitFileType = wrapper.cfbundle; includeInIndex = 0; path = X5336CommonTests.xctest; sourceTree = BUILT_PRODUCTS_DIR; };
		1ACA102A25EACA93009BDC78 /* X5336CommonTests.swift */ = {isa = PBXFileReference; lastKnownFileType = sourcecode.swift; path = X5336CommonTests.swift; sourceTree = "<group>"; };
		1ACA102C25EACA93009BDC78 /* Info.plist */ = {isa = PBXFileReference; lastKnownFileType = text.plist.xml; path = Info.plist; sourceTree = "<group>"; };
		1ADA969327669C6B0085162B /* ModuleTests.swift */ = {isa = PBXFileReference; lastKnownFileType = sourcecode.swift; path = ModuleTests.swift; sourceTree = "<group>"; };
		1ADA96A22766A45B0085162B /* Lindenmayer */ = {isa = PBXFileReference; lastKnownFileType = folder; path = Lindenmayer; sourceTree = "<group>"; };
		1ADA96A72766A4F50085162B /* Lsystem2DView.swift */ = {isa = PBXFileReference; lastKnownFileType = sourcecode.swift; path = Lsystem2DView.swift; sourceTree = "<group>"; };
/* End PBXFileReference section */

/* Begin PBXFrameworksBuildPhase section */
		1A506E5725EAB9E400E51CE2 /* Frameworks */ = {
			isa = PBXFrameworksBuildPhase;
			buildActionMask = 2147483647;
			files = (
			);
			runOnlyForDeploymentPostprocessing = 0;
		};
		1A506E5F25EAB9E400E51CE2 /* Frameworks */ = {
			isa = PBXFrameworksBuildPhase;
			buildActionMask = 2147483647;
			files = (
			);
			runOnlyForDeploymentPostprocessing = 0;
		};
		1A506E6725EAB9E400E51CE2 /* Frameworks */ = {
			isa = PBXFrameworksBuildPhase;
			buildActionMask = 2147483647;
			files = (
			);
			runOnlyForDeploymentPostprocessing = 0;
		};
		1A506E7225EAB9E400E51CE2 /* Frameworks */ = {
			isa = PBXFrameworksBuildPhase;
			buildActionMask = 2147483647;
			files = (
			);
			runOnlyForDeploymentPostprocessing = 0;
		};
		1ACA102525EACA93009BDC78 /* Frameworks */ = {
			isa = PBXFrameworksBuildPhase;
			buildActionMask = 2147483647;
			files = (
			);
			runOnlyForDeploymentPostprocessing = 0;
		};
/* End PBXFrameworksBuildPhase section */

/* Begin PBXGroup section */
		1A506E4C25EAB9E300E51CE2 = {
			isa = PBXGroup;
			children = (
				1ADA96A12766A45B0085162B /* Packages */,
				1A21EA2F25EABC4E00672BD3 /* README.md */,
				1A4C53FA2693B1D800C7DBF5 /* notes */,
				1A506E5125EAB9E300E51CE2 /* Shared */,
				1A506E5C25EAB9E400E51CE2 /* iOS */,
				1A506E6325EAB9E400E51CE2 /* macOS */,
				1A506E6D25EAB9E400E51CE2 /* Tests iOS */,
				1A506E7825EAB9E400E51CE2 /* Tests macOS */,
				1ACA102925EACA93009BDC78 /* X5336CommonTests */,
				1A506E5B25EAB9E400E51CE2 /* Products */,
				1AC3C1222693AE8300E44C41 /* Frameworks */,
			);
			sourceTree = "<group>";
		};
		1A506E5125EAB9E300E51CE2 /* Shared */ = {
			isa = PBXGroup;
			children = (
				1ADA969227669AAD0085162B /* Lindenmayer */,
				1A21EA2425EABB5200672BD3 /* Lindenmayer.swift */,
				1A21EA2525EABB5200672BD3 /* LindenmayerView.swift */,
				1A506E5225EAB9E300E51CE2 /* X5336App.swift */,
				1A506E5325EAB9E300E51CE2 /* X5336Document.swift */,
				1A506E5425EAB9E300E51CE2 /* ContentView.swift */,
				1ADA96A72766A4F50085162B /* Lsystem2DView.swift */,
				1A506E5525EAB9E400E51CE2 /* Assets.xcassets */,
			);
			path = Shared;
			sourceTree = "<group>";
		};
		1A506E5B25EAB9E400E51CE2 /* Products */ = {
			isa = PBXGroup;
			children = (
				1A506E5A25EAB9E400E51CE2 /* X5336.app */,
				1A506E6225EAB9E400E51CE2 /* X5336.app */,
				1A506E6A25EAB9E400E51CE2 /* Tests iOS.xctest */,
				1A506E7525EAB9E400E51CE2 /* Tests macOS.xctest */,
				1ACA102825EACA93009BDC78 /* X5336CommonTests.xctest */,
			);
			name = Products;
			sourceTree = "<group>";
		};
		1A506E5C25EAB9E400E51CE2 /* iOS */ = {
			isa = PBXGroup;
			children = (
				1A506E5D25EAB9E400E51CE2 /* Info.plist */,
			);
			path = iOS;
			sourceTree = "<group>";
		};
		1A506E6325EAB9E400E51CE2 /* macOS */ = {
			isa = PBXGroup;
			children = (
				1A506E6425EAB9E400E51CE2 /* Info.plist */,
				1A506E6525EAB9E400E51CE2 /* macOS.entitlements */,
			);
			path = macOS;
			sourceTree = "<group>";
		};
		1A506E6D25EAB9E400E51CE2 /* Tests iOS */ = {
			isa = PBXGroup;
			children = (
				1A8CAC6125EAF60F0011B6B4 /* X5336-iOS.xctestplan */,
				1A506E6E25EAB9E400E51CE2 /* Tests_iOS.swift */,
				1A506E7025EAB9E400E51CE2 /* Info.plist */,
			);
			path = "Tests iOS";
			sourceTree = "<group>";
		};
		1A506E7825EAB9E400E51CE2 /* Tests macOS */ = {
			isa = PBXGroup;
			children = (
				1A8CAC5B25EAF5F80011B6B4 /* X5336-macOS.xctestplan */,
				1A506E7925EAB9E400E51CE2 /* Tests_macOS.swift */,
				1A506E7B25EAB9E400E51CE2 /* Info.plist */,
			);
			path = "Tests macOS";
			sourceTree = "<group>";
		};
		1AC3C1222693AE8300E44C41 /* Frameworks */ = {
			isa = PBXGroup;
			children = (
			);
			name = Frameworks;
			sourceTree = "<group>";
		};
		1ACA102925EACA93009BDC78 /* X5336CommonTests */ = {
			isa = PBXGroup;
			children = (
				1A8CAC5025EAF4FF0011B6B4 /* X5336-Unit.xctestplan */,
				1ACA102A25EACA93009BDC78 /* X5336CommonTests.swift */,
				1ADA969327669C6B0085162B /* ModuleTests.swift */,
				1ACA102C25EACA93009BDC78 /* Info.plist */,
			);
			path = X5336CommonTests;
			sourceTree = "<group>";
		};
		1ADA969227669AAD0085162B /* Lindenmayer */ = {
			isa = PBXGroup;
			children = (
			);
			path = Lindenmayer;
			sourceTree = "<group>";
		};
		1ADA96A12766A45B0085162B /* Packages */ = {
			isa = PBXGroup;
			children = (
				1ADA96A22766A45B0085162B /* Lindenmayer */,
			);
			name = Packages;
			sourceTree = "<group>";
		};
/* End PBXGroup section */

/* Begin PBXNativeTarget section */
		1A506E5925EAB9E400E51CE2 /* X5336 (iOS) */ = {
			isa = PBXNativeTarget;
			buildConfigurationList = 1A506E8625EAB9E400E51CE2 /* Build configuration list for PBXNativeTarget "X5336 (iOS)" */;
			buildPhases = (
				1A506E5625EAB9E400E51CE2 /* Sources */,
				1A506E5725EAB9E400E51CE2 /* Frameworks */,
				1A506E5825EAB9E400E51CE2 /* Resources */,
			);
			buildRules = (
			);
			dependencies = (
				1ADA969C2766A05D0085162B /* PBXTargetDependency */,
			);
			name = "X5336 (iOS)";
			packageProductDependencies = (
			);
			productName = "X5336 (iOS)";
			productReference = 1A506E5A25EAB9E400E51CE2 /* X5336.app */;
			productType = "com.apple.product-type.application";
		};
		1A506E6125EAB9E400E51CE2 /* X5336 (macOS) */ = {
			isa = PBXNativeTarget;
			buildConfigurationList = 1A506E8925EAB9E400E51CE2 /* Build configuration list for PBXNativeTarget "X5336 (macOS)" */;
			buildPhases = (
				1A506E5E25EAB9E400E51CE2 /* Sources */,
				1A506E5F25EAB9E400E51CE2 /* Frameworks */,
				1A506E6025EAB9E400E51CE2 /* Resources */,
			);
			buildRules = (
			);
			dependencies = (
				1ADA969E2766A0620085162B /* PBXTargetDependency */,
			);
			name = "X5336 (macOS)";
			packageProductDependencies = (
			);
			productName = "X5336 (macOS)";
			productReference = 1A506E6225EAB9E400E51CE2 /* X5336.app */;
			productType = "com.apple.product-type.application";
		};
		1A506E6925EAB9E400E51CE2 /* Tests iOS */ = {
			isa = PBXNativeTarget;
			buildConfigurationList = 1A506E8C25EAB9E400E51CE2 /* Build configuration list for PBXNativeTarget "Tests iOS" */;
			buildPhases = (
				1A506E6625EAB9E400E51CE2 /* Sources */,
				1A506E6725EAB9E400E51CE2 /* Frameworks */,
				1A506E6825EAB9E400E51CE2 /* Resources */,
			);
			buildRules = (
			);
			dependencies = (
				1ADA96A42766A4960085162B /* PBXTargetDependency */,
				1A506E6C25EAB9E400E51CE2 /* PBXTargetDependency */,
			);
			name = "Tests iOS";
			productName = "Tests iOS";
			productReference = 1A506E6A25EAB9E400E51CE2 /* Tests iOS.xctest */;
			productType = "com.apple.product-type.bundle.ui-testing";
		};
		1A506E7425EAB9E400E51CE2 /* Tests macOS */ = {
			isa = PBXNativeTarget;
			buildConfigurationList = 1A506E8F25EAB9E400E51CE2 /* Build configuration list for PBXNativeTarget "Tests macOS" */;
			buildPhases = (
				1A506E7125EAB9E400E51CE2 /* Sources */,
				1A506E7225EAB9E400E51CE2 /* Frameworks */,
				1A506E7325EAB9E400E51CE2 /* Resources */,
			);
			buildRules = (
			);
			dependencies = (
				1ADA96A62766A49B0085162B /* PBXTargetDependency */,
				1A506E7725EAB9E400E51CE2 /* PBXTargetDependency */,
			);
			name = "Tests macOS";
			productName = "Tests macOS";
			productReference = 1A506E7525EAB9E400E51CE2 /* Tests macOS.xctest */;
			productType = "com.apple.product-type.bundle.ui-testing";
		};
		1ACA102725EACA93009BDC78 /* X5336CommonTests */ = {
			isa = PBXNativeTarget;
			buildConfigurationList = 1ACA102F25EACA93009BDC78 /* Build configuration list for PBXNativeTarget "X5336CommonTests" */;
			buildPhases = (
				1A34B78925EACE8200459784 /* Run Script (swiftformat) */,
				1ACA102425EACA93009BDC78 /* Sources */,
				1ACA102525EACA93009BDC78 /* Frameworks */,
				1ACA102625EACA93009BDC78 /* Resources */,
			);
			buildRules = (
			);
			dependencies = (
			);
			name = X5336CommonTests;
			productName = X5336CommonTests;
			productReference = 1ACA102825EACA93009BDC78 /* X5336CommonTests.xctest */;
			productType = "com.apple.product-type.bundle.unit-test";
		};
/* End PBXNativeTarget section */

/* Begin PBXProject section */
		1A506E4D25EAB9E300E51CE2 /* Project object */ = {
			isa = PBXProject;
			attributes = {
				LastSwiftUpdateCheck = 1240;
				LastUpgradeCheck = 1250;
				TargetAttributes = {
					1A506E5925EAB9E400E51CE2 = {
						CreatedOnToolsVersion = 12.4;
					};
					1A506E6125EAB9E400E51CE2 = {
						CreatedOnToolsVersion = 12.4;
					};
					1A506E6925EAB9E400E51CE2 = {
						CreatedOnToolsVersion = 12.4;
						TestTargetID = 1A506E5925EAB9E400E51CE2;
					};
					1A506E7425EAB9E400E51CE2 = {
						CreatedOnToolsVersion = 12.4;
						TestTargetID = 1A506E6125EAB9E400E51CE2;
					};
					1ACA102725EACA93009BDC78 = {
						CreatedOnToolsVersion = 12.4;
					};
				};
			};
			buildConfigurationList = 1A506E5025EAB9E300E51CE2 /* Build configuration list for PBXProject "X5336" */;
			compatibilityVersion = "Xcode 9.3";
			developmentRegion = en;
			hasScannedForEncodings = 0;
			knownRegions = (
				en,
				Base,
			);
			mainGroup = 1A506E4C25EAB9E300E51CE2;
			packageReferences = (
			);
			productRefGroup = 1A506E5B25EAB9E400E51CE2 /* Products */;
			projectDirPath = "";
			projectRoot = "";
			targets = (
				1A506E5925EAB9E400E51CE2 /* X5336 (iOS) */,
				1A506E6125EAB9E400E51CE2 /* X5336 (macOS) */,
				1A506E6925EAB9E400E51CE2 /* Tests iOS */,
				1A506E7425EAB9E400E51CE2 /* Tests macOS */,
				1ACA102725EACA93009BDC78 /* X5336CommonTests */,
			);
		};
/* End PBXProject section */

/* Begin PBXResourcesBuildPhase section */
		1A506E5825EAB9E400E51CE2 /* Resources */ = {
			isa = PBXResourcesBuildPhase;
			buildActionMask = 2147483647;
			files = (
				1A506E8225EAB9E400E51CE2 /* Assets.xcassets in Resources */,
			);
			runOnlyForDeploymentPostprocessing = 0;
		};
		1A506E6025EAB9E400E51CE2 /* Resources */ = {
			isa = PBXResourcesBuildPhase;
			buildActionMask = 2147483647;
			files = (
				1A506E8325EAB9E400E51CE2 /* Assets.xcassets in Resources */,
			);
			runOnlyForDeploymentPostprocessing = 0;
		};
		1A506E6825EAB9E400E51CE2 /* Resources */ = {
			isa = PBXResourcesBuildPhase;
			buildActionMask = 2147483647;
			files = (
			);
			runOnlyForDeploymentPostprocessing = 0;
		};
		1A506E7325EAB9E400E51CE2 /* Resources */ = {
			isa = PBXResourcesBuildPhase;
			buildActionMask = 2147483647;
			files = (
			);
			runOnlyForDeploymentPostprocessing = 0;
		};
		1ACA102625EACA93009BDC78 /* Resources */ = {
			isa = PBXResourcesBuildPhase;
			buildActionMask = 2147483647;
			files = (
			);
			runOnlyForDeploymentPostprocessing = 0;
		};
/* End PBXResourcesBuildPhase section */

/* Begin PBXShellScriptBuildPhase section */
		1A34B78925EACE8200459784 /* Run Script (swiftformat) */ = {
			isa = PBXShellScriptBuildPhase;
			buildActionMask = 2147483647;
			files = (
			);
			inputFileListPaths = (
			);
			inputPaths = (
			);
			name = "Run Script (swiftformat)";
			outputFileListPaths = (
			);
			outputPaths = (
			);
			runOnlyForDeploymentPostprocessing = 0;
			shellPath = /bin/sh;
			shellScript = "cd BuildTools\nSDKROOT=(xcrun --sdk macosx --show-sdk-path)\n#swift package update #Uncomment this line temporarily to update the version used to the latest matching your BuildTools/Package.swift file\nswift run -c release swiftformat \"$SRCROOT\"\n";
		};
/* End PBXShellScriptBuildPhase section */

/* Begin PBXSourcesBuildPhase section */
		1A506E5625EAB9E400E51CE2 /* Sources */ = {
			isa = PBXSourcesBuildPhase;
			buildActionMask = 2147483647;
			files = (
				1ADA96A82766A4F50085162B /* Lsystem2DView.swift in Sources */,
				1A506E7E25EAB9E400E51CE2 /* X5336Document.swift in Sources */,
				1A506E7C25EAB9E400E51CE2 /* X5336App.swift in Sources */,
				1A506E8025EAB9E400E51CE2 /* ContentView.swift in Sources */,
			);
			runOnlyForDeploymentPostprocessing = 0;
		};
		1A506E5E25EAB9E400E51CE2 /* Sources */ = {
			isa = PBXSourcesBuildPhase;
			buildActionMask = 2147483647;
			files = (
				1ADA96A92766A4F50085162B /* Lsystem2DView.swift in Sources */,
				1A506E7F25EAB9E400E51CE2 /* X5336Document.swift in Sources */,
				1A506E7D25EAB9E400E51CE2 /* X5336App.swift in Sources */,
				1A506E8125EAB9E400E51CE2 /* ContentView.swift in Sources */,
			);
			runOnlyForDeploymentPostprocessing = 0;
		};
		1A506E6625EAB9E400E51CE2 /* Sources */ = {
			isa = PBXSourcesBuildPhase;
			buildActionMask = 2147483647;
			files = (
				1A506E6F25EAB9E400E51CE2 /* Tests_iOS.swift in Sources */,
			);
			runOnlyForDeploymentPostprocessing = 0;
		};
		1A506E7125EAB9E400E51CE2 /* Sources */ = {
			isa = PBXSourcesBuildPhase;
			buildActionMask = 2147483647;
			files = (
				1A506E7A25EAB9E400E51CE2 /* Tests_macOS.swift in Sources */,
			);
			runOnlyForDeploymentPostprocessing = 0;
		};
		1ACA102425EACA93009BDC78 /* Sources */ = {
			isa = PBXSourcesBuildPhase;
			buildActionMask = 2147483647;
			files = (
				1ACA102B25EACA93009BDC78 /* X5336CommonTests.swift in Sources */,
				1ADA969427669C6B0085162B /* ModuleTests.swift in Sources */,
			);
			runOnlyForDeploymentPostprocessing = 0;
		};
/* End PBXSourcesBuildPhase section */

/* Begin PBXTargetDependency section */
		1A506E6C25EAB9E400E51CE2 /* PBXTargetDependency */ = {
			isa = PBXTargetDependency;
			target = 1A506E5925EAB9E400E51CE2 /* X5336 (iOS) */;
			targetProxy = 1A506E6B25EAB9E400E51CE2 /* PBXContainerItemProxy */;
		};
		1A506E7725EAB9E400E51CE2 /* PBXTargetDependency */ = {
			isa = PBXTargetDependency;
			target = 1A506E6125EAB9E400E51CE2 /* X5336 (macOS) */;
			targetProxy = 1A506E7625EAB9E400E51CE2 /* PBXContainerItemProxy */;
		};
		1ADA969C2766A05D0085162B /* PBXTargetDependency */ = {
			isa = PBXTargetDependency;
			productRef = 1ADA969B2766A05D0085162B /* Lindenmayer */;
		};
		1ADA969E2766A0620085162B /* PBXTargetDependency */ = {
			isa = PBXTargetDependency;
			productRef = 1ADA969D2766A0620085162B /* Lindenmayer */;
		};
		1ADA96A42766A4960085162B /* PBXTargetDependency */ = {
			isa = PBXTargetDependency;
			productRef = 1ADA96A32766A4960085162B /* Lindenmayer */;
		};
		1ADA96A62766A49B0085162B /* PBXTargetDependency */ = {
			isa = PBXTargetDependency;
			productRef = 1ADA96A52766A49B0085162B /* Lindenmayer */;
		};
/* End PBXTargetDependency section */

/* Begin XCBuildConfiguration section */
		1A506E8425EAB9E400E51CE2 /* Debug */ = {
			isa = XCBuildConfiguration;
			buildSettings = {
				ALWAYS_SEARCH_USER_PATHS = NO;
				CLANG_ANALYZER_NONNULL = YES;
				CLANG_ANALYZER_NUMBER_OBJECT_CONVERSION = YES_AGGRESSIVE;
				CLANG_CXX_LANGUAGE_STANDARD = "gnu++14";
				CLANG_CXX_LIBRARY = "libc++";
				CLANG_ENABLE_MODULES = YES;
				CLANG_ENABLE_OBJC_ARC = YES;
				CLANG_ENABLE_OBJC_WEAK = YES;
				CLANG_WARN_BLOCK_CAPTURE_AUTORELEASING = YES;
				CLANG_WARN_BOOL_CONVERSION = YES;
				CLANG_WARN_COMMA = YES;
				CLANG_WARN_CONSTANT_CONVERSION = YES;
				CLANG_WARN_DEPRECATED_OBJC_IMPLEMENTATIONS = YES;
				CLANG_WARN_DIRECT_OBJC_ISA_USAGE = YES_ERROR;
				CLANG_WARN_DOCUMENTATION_COMMENTS = YES;
				CLANG_WARN_EMPTY_BODY = YES;
				CLANG_WARN_ENUM_CONVERSION = YES;
				CLANG_WARN_INFINITE_RECURSION = YES;
				CLANG_WARN_INT_CONVERSION = YES;
				CLANG_WARN_NON_LITERAL_NULL_CONVERSION = YES;
				CLANG_WARN_OBJC_IMPLICIT_RETAIN_SELF = YES;
				CLANG_WARN_OBJC_LITERAL_CONVERSION = YES;
				CLANG_WARN_OBJC_ROOT_CLASS = YES_ERROR;
				CLANG_WARN_QUOTED_INCLUDE_IN_FRAMEWORK_HEADER = YES;
				CLANG_WARN_RANGE_LOOP_ANALYSIS = YES;
				CLANG_WARN_STRICT_PROTOTYPES = YES;
				CLANG_WARN_SUSPICIOUS_MOVE = YES;
				CLANG_WARN_UNGUARDED_AVAILABILITY = YES_AGGRESSIVE;
				CLANG_WARN_UNREACHABLE_CODE = YES;
				CLANG_WARN__DUPLICATE_METHOD_MATCH = YES;
				COPY_PHASE_STRIP = NO;
				DEBUG_INFORMATION_FORMAT = dwarf;
				ENABLE_STRICT_OBJC_MSGSEND = YES;
				ENABLE_TESTABILITY = YES;
				GCC_C_LANGUAGE_STANDARD = gnu11;
				GCC_DYNAMIC_NO_PIC = NO;
				GCC_NO_COMMON_BLOCKS = YES;
				GCC_OPTIMIZATION_LEVEL = 0;
				GCC_PREPROCESSOR_DEFINITIONS = (
					"DEBUG=1",
					"$(inherited)",
				);
				GCC_WARN_64_TO_32_BIT_CONVERSION = YES;
				GCC_WARN_ABOUT_RETURN_TYPE = YES_ERROR;
				GCC_WARN_UNDECLARED_SELECTOR = YES;
				GCC_WARN_UNINITIALIZED_AUTOS = YES_AGGRESSIVE;
				GCC_WARN_UNUSED_FUNCTION = YES;
				GCC_WARN_UNUSED_VARIABLE = YES;
				IPHONEOS_DEPLOYMENT_TARGET = 15.0;
				MACOSX_DEPLOYMENT_TARGET = 11.5;
				MTL_ENABLE_DEBUG_INFO = INCLUDE_SOURCE;
				MTL_FAST_MATH = YES;
				ONLY_ACTIVE_ARCH = YES;
				SWIFT_ACTIVE_COMPILATION_CONDITIONS = DEBUG;
				SWIFT_OPTIMIZATION_LEVEL = "-Onone";
			};
			name = Debug;
		};
		1A506E8525EAB9E400E51CE2 /* Release */ = {
			isa = XCBuildConfiguration;
			buildSettings = {
				ALWAYS_SEARCH_USER_PATHS = NO;
				CLANG_ANALYZER_NONNULL = YES;
				CLANG_ANALYZER_NUMBER_OBJECT_CONVERSION = YES_AGGRESSIVE;
				CLANG_CXX_LANGUAGE_STANDARD = "gnu++14";
				CLANG_CXX_LIBRARY = "libc++";
				CLANG_ENABLE_MODULES = YES;
				CLANG_ENABLE_OBJC_ARC = YES;
				CLANG_ENABLE_OBJC_WEAK = YES;
				CLANG_WARN_BLOCK_CAPTURE_AUTORELEASING = YES;
				CLANG_WARN_BOOL_CONVERSION = YES;
				CLANG_WARN_COMMA = YES;
				CLANG_WARN_CONSTANT_CONVERSION = YES;
				CLANG_WARN_DEPRECATED_OBJC_IMPLEMENTATIONS = YES;
				CLANG_WARN_DIRECT_OBJC_ISA_USAGE = YES_ERROR;
				CLANG_WARN_DOCUMENTATION_COMMENTS = YES;
				CLANG_WARN_EMPTY_BODY = YES;
				CLANG_WARN_ENUM_CONVERSION = YES;
				CLANG_WARN_INFINITE_RECURSION = YES;
				CLANG_WARN_INT_CONVERSION = YES;
				CLANG_WARN_NON_LITERAL_NULL_CONVERSION = YES;
				CLANG_WARN_OBJC_IMPLICIT_RETAIN_SELF = YES;
				CLANG_WARN_OBJC_LITERAL_CONVERSION = YES;
				CLANG_WARN_OBJC_ROOT_CLASS = YES_ERROR;
				CLANG_WARN_QUOTED_INCLUDE_IN_FRAMEWORK_HEADER = YES;
				CLANG_WARN_RANGE_LOOP_ANALYSIS = YES;
				CLANG_WARN_STRICT_PROTOTYPES = YES;
				CLANG_WARN_SUSPICIOUS_MOVE = YES;
				CLANG_WARN_UNGUARDED_AVAILABILITY = YES_AGGRESSIVE;
				CLANG_WARN_UNREACHABLE_CODE = YES;
				CLANG_WARN__DUPLICATE_METHOD_MATCH = YES;
				COPY_PHASE_STRIP = NO;
				DEBUG_INFORMATION_FORMAT = "dwarf-with-dsym";
				ENABLE_NS_ASSERTIONS = NO;
				ENABLE_STRICT_OBJC_MSGSEND = YES;
				GCC_C_LANGUAGE_STANDARD = gnu11;
				GCC_NO_COMMON_BLOCKS = YES;
				GCC_WARN_64_TO_32_BIT_CONVERSION = YES;
				GCC_WARN_ABOUT_RETURN_TYPE = YES_ERROR;
				GCC_WARN_UNDECLARED_SELECTOR = YES;
				GCC_WARN_UNINITIALIZED_AUTOS = YES_AGGRESSIVE;
				GCC_WARN_UNUSED_FUNCTION = YES;
				GCC_WARN_UNUSED_VARIABLE = YES;
				IPHONEOS_DEPLOYMENT_TARGET = 15.0;
				MACOSX_DEPLOYMENT_TARGET = 11.5;
				MTL_ENABLE_DEBUG_INFO = NO;
				MTL_FAST_MATH = YES;
				SWIFT_COMPILATION_MODE = wholemodule;
				SWIFT_OPTIMIZATION_LEVEL = "-O";
			};
			name = Release;
		};
		1A506E8725EAB9E400E51CE2 /* Debug */ = {
			isa = XCBuildConfiguration;
			buildSettings = {
				ASSETCATALOG_COMPILER_APPICON_NAME = AppIcon;
				ASSETCATALOG_COMPILER_GLOBAL_ACCENT_COLOR_NAME = AccentColor;
				CODE_SIGN_STYLE = Automatic;
				DEVELOPMENT_TEAM = BDV4VC27D3;
				ENABLE_PREVIEWS = YES;
				INFOPLIST_FILE = iOS/Info.plist;
				IPHONEOS_DEPLOYMENT_TARGET = 15.0;
				LD_RUNPATH_SEARCH_PATHS = (
					"$(inherited)",
					"@executable_path/Frameworks",
				);
				PRODUCT_BUNDLE_IDENTIFIER = com.rhonabwy.X5336;
				PRODUCT_NAME = X5336;
				SDKROOT = iphoneos;
				SWIFT_VERSION = 5.0;
				TARGETED_DEVICE_FAMILY = "1,2";
			};
			name = Debug;
		};
		1A506E8825EAB9E400E51CE2 /* Release */ = {
			isa = XCBuildConfiguration;
			buildSettings = {
				ASSETCATALOG_COMPILER_APPICON_NAME = AppIcon;
				ASSETCATALOG_COMPILER_GLOBAL_ACCENT_COLOR_NAME = AccentColor;
				CODE_SIGN_STYLE = Automatic;
				DEVELOPMENT_TEAM = BDV4VC27D3;
				ENABLE_PREVIEWS = YES;
				INFOPLIST_FILE = iOS/Info.plist;
				IPHONEOS_DEPLOYMENT_TARGET = 15.0;
				LD_RUNPATH_SEARCH_PATHS = (
					"$(inherited)",
					"@executable_path/Frameworks",
				);
				PRODUCT_BUNDLE_IDENTIFIER = com.rhonabwy.X5336;
				PRODUCT_NAME = X5336;
				SDKROOT = iphoneos;
				SWIFT_VERSION = 5.0;
				TARGETED_DEVICE_FAMILY = "1,2";
				VALIDATE_PRODUCT = YES;
			};
			name = Release;
		};
		1A506E8A25EAB9E400E51CE2 /* Debug */ = {
			isa = XCBuildConfiguration;
			buildSettings = {
				ASSETCATALOG_COMPILER_APPICON_NAME = AppIcon;
				ASSETCATALOG_COMPILER_GLOBAL_ACCENT_COLOR_NAME = AccentColor;
				CODE_SIGN_ENTITLEMENTS = macOS/macOS.entitlements;
				CODE_SIGN_IDENTITY = "-";
				CODE_SIGN_STYLE = Automatic;
				COMBINE_HIDPI_IMAGES = YES;
				DEVELOPMENT_TEAM = BDV4VC27D3;
				ENABLE_HARDENED_RUNTIME = YES;
				ENABLE_PREVIEWS = YES;
				INFOPLIST_FILE = macOS/Info.plist;
				LD_RUNPATH_SEARCH_PATHS = (
					"$(inherited)",
					"@executable_path/../Frameworks",
				);
				MACOSX_DEPLOYMENT_TARGET = 12.0;
				PRODUCT_BUNDLE_IDENTIFIER = com.rhonabwy.X5336;
				PRODUCT_NAME = X5336;
				SDKROOT = macosx;
				SWIFT_VERSION = 5.0;
			};
			name = Debug;
		};
		1A506E8B25EAB9E400E51CE2 /* Release */ = {
			isa = XCBuildConfiguration;
			buildSettings = {
				ASSETCATALOG_COMPILER_APPICON_NAME = AppIcon;
				ASSETCATALOG_COMPILER_GLOBAL_ACCENT_COLOR_NAME = AccentColor;
				CODE_SIGN_ENTITLEMENTS = macOS/macOS.entitlements;
				CODE_SIGN_IDENTITY = "-";
				CODE_SIGN_STYLE = Automatic;
				COMBINE_HIDPI_IMAGES = YES;
				DEVELOPMENT_TEAM = BDV4VC27D3;
				ENABLE_HARDENED_RUNTIME = YES;
				ENABLE_PREVIEWS = YES;
				INFOPLIST_FILE = macOS/Info.plist;
				LD_RUNPATH_SEARCH_PATHS = (
					"$(inherited)",
					"@executable_path/../Frameworks",
				);
				MACOSX_DEPLOYMENT_TARGET = 12.0;
				PRODUCT_BUNDLE_IDENTIFIER = com.rhonabwy.X5336;
				PRODUCT_NAME = X5336;
				SDKROOT = macosx;
				SWIFT_VERSION = 5.0;
			};
			name = Release;
		};
		1A506E8D25EAB9E400E51CE2 /* Debug */ = {
			isa = XCBuildConfiguration;
			buildSettings = {
				ALWAYS_EMBED_SWIFT_STANDARD_LIBRARIES = YES;
				CODE_SIGN_STYLE = Automatic;
				DEVELOPMENT_TEAM = BDV4VC27D3;
				INFOPLIST_FILE = "Tests iOS/Info.plist";
				IPHONEOS_DEPLOYMENT_TARGET = 14.4;
				LD_RUNPATH_SEARCH_PATHS = (
					"$(inherited)",
					"@executable_path/Frameworks",
					"@loader_path/Frameworks",
				);
				PRODUCT_BUNDLE_IDENTIFIER = "com.rhonabwy.Tests-iOS";
				PRODUCT_NAME = "$(TARGET_NAME)";
				SDKROOT = iphoneos;
				SWIFT_VERSION = 5.0;
				TARGETED_DEVICE_FAMILY = "1,2";
				TEST_TARGET_NAME = "X5336 (iOS)";
			};
			name = Debug;
		};
		1A506E8E25EAB9E400E51CE2 /* Release */ = {
			isa = XCBuildConfiguration;
			buildSettings = {
				ALWAYS_EMBED_SWIFT_STANDARD_LIBRARIES = YES;
				CODE_SIGN_STYLE = Automatic;
				DEVELOPMENT_TEAM = BDV4VC27D3;
				INFOPLIST_FILE = "Tests iOS/Info.plist";
				IPHONEOS_DEPLOYMENT_TARGET = 14.4;
				LD_RUNPATH_SEARCH_PATHS = (
					"$(inherited)",
					"@executable_path/Frameworks",
					"@loader_path/Frameworks",
				);
				PRODUCT_BUNDLE_IDENTIFIER = "com.rhonabwy.Tests-iOS";
				PRODUCT_NAME = "$(TARGET_NAME)";
				SDKROOT = iphoneos;
				SWIFT_VERSION = 5.0;
				TARGETED_DEVICE_FAMILY = "1,2";
				TEST_TARGET_NAME = "X5336 (iOS)";
				VALIDATE_PRODUCT = YES;
			};
			name = Release;
		};
		1A506E9025EAB9E400E51CE2 /* Debug */ = {
			isa = XCBuildConfiguration;
			buildSettings = {
				ALWAYS_EMBED_SWIFT_STANDARD_LIBRARIES = YES;
				CODE_SIGN_STYLE = Automatic;
				COMBINE_HIDPI_IMAGES = YES;
				DEVELOPMENT_TEAM = BDV4VC27D3;
				INFOPLIST_FILE = "Tests macOS/Info.plist";
				LD_RUNPATH_SEARCH_PATHS = (
					"$(inherited)",
					"@executable_path/../Frameworks",
					"@loader_path/../Frameworks",
				);
				MACOSX_DEPLOYMENT_TARGET = 11.1;
				PRODUCT_BUNDLE_IDENTIFIER = "com.rhonabwy.Tests-macOS";
				PRODUCT_NAME = "$(TARGET_NAME)";
				SDKROOT = macosx;
				SWIFT_VERSION = 5.0;
				TEST_TARGET_NAME = "X5336 (macOS)";
			};
			name = Debug;
		};
		1A506E9125EAB9E400E51CE2 /* Release */ = {
			isa = XCBuildConfiguration;
			buildSettings = {
				ALWAYS_EMBED_SWIFT_STANDARD_LIBRARIES = YES;
				CODE_SIGN_STYLE = Automatic;
				COMBINE_HIDPI_IMAGES = YES;
				DEVELOPMENT_TEAM = BDV4VC27D3;
				INFOPLIST_FILE = "Tests macOS/Info.plist";
				LD_RUNPATH_SEARCH_PATHS = (
					"$(inherited)",
					"@executable_path/../Frameworks",
					"@loader_path/../Frameworks",
				);
				MACOSX_DEPLOYMENT_TARGET = 11.1;
				PRODUCT_BUNDLE_IDENTIFIER = "com.rhonabwy.Tests-macOS";
				PRODUCT_NAME = "$(TARGET_NAME)";
				SDKROOT = macosx;
				SWIFT_VERSION = 5.0;
				TEST_TARGET_NAME = "X5336 (macOS)";
			};
			name = Release;
		};
		1ACA102D25EACA93009BDC78 /* Debug */ = {
			isa = XCBuildConfiguration;
			buildSettings = {
				CODE_SIGN_STYLE = Automatic;
				DEVELOPMENT_TEAM = BDV4VC27D3;
				INFOPLIST_FILE = X5336CommonTests/Info.plist;
				IPHONEOS_DEPLOYMENT_TARGET = 15.0;
				LD_RUNPATH_SEARCH_PATHS = (
					"$(inherited)",
					"@executable_path/Frameworks",
					"@loader_path/Frameworks",
				);
				PRODUCT_BUNDLE_IDENTIFIER = com.rhonabwy.X5336CommonTests;
				PRODUCT_NAME = "$(TARGET_NAME)";
				SDKROOT = iphoneos;
				SWIFT_VERSION = 5.0;
				TARGETED_DEVICE_FAMILY = "1,2";
			};
			name = Debug;
		};
		1ACA102E25EACA93009BDC78 /* Release */ = {
			isa = XCBuildConfiguration;
			buildSettings = {
				CODE_SIGN_STYLE = Automatic;
				DEVELOPMENT_TEAM = BDV4VC27D3;
				INFOPLIST_FILE = X5336CommonTests/Info.plist;
				IPHONEOS_DEPLOYMENT_TARGET = 15.0;
				LD_RUNPATH_SEARCH_PATHS = (
					"$(inherited)",
					"@executable_path/Frameworks",
					"@loader_path/Frameworks",
				);
				PRODUCT_BUNDLE_IDENTIFIER = com.rhonabwy.X5336CommonTests;
				PRODUCT_NAME = "$(TARGET_NAME)";
				SDKROOT = iphoneos;
				SWIFT_VERSION = 5.0;
				TARGETED_DEVICE_FAMILY = "1,2";
				VALIDATE_PRODUCT = YES;
			};
			name = Release;
		};
/* End XCBuildConfiguration section */

/* Begin XCConfigurationList section */
		1A506E5025EAB9E300E51CE2 /* Build configuration list for PBXProject "X5336" */ = {
			isa = XCConfigurationList;
			buildConfigurations = (
				1A506E8425EAB9E400E51CE2 /* Debug */,
				1A506E8525EAB9E400E51CE2 /* Release */,
			);
			defaultConfigurationIsVisible = 0;
			defaultConfigurationName = Release;
		};
		1A506E8625EAB9E400E51CE2 /* Build configuration list for PBXNativeTarget "X5336 (iOS)" */ = {
			isa = XCConfigurationList;
			buildConfigurations = (
				1A506E8725EAB9E400E51CE2 /* Debug */,
				1A506E8825EAB9E400E51CE2 /* Release */,
			);
			defaultConfigurationIsVisible = 0;
			defaultConfigurationName = Release;
		};
		1A506E8925EAB9E400E51CE2 /* Build configuration list for PBXNativeTarget "X5336 (macOS)" */ = {
			isa = XCConfigurationList;
			buildConfigurations = (
				1A506E8A25EAB9E400E51CE2 /* Debug */,
				1A506E8B25EAB9E400E51CE2 /* Release */,
			);
			defaultConfigurationIsVisible = 0;
			defaultConfigurationName = Release;
		};
		1A506E8C25EAB9E400E51CE2 /* Build configuration list for PBXNativeTarget "Tests iOS" */ = {
			isa = XCConfigurationList;
			buildConfigurations = (
				1A506E8D25EAB9E400E51CE2 /* Debug */,
				1A506E8E25EAB9E400E51CE2 /* Release */,
			);
			defaultConfigurationIsVisible = 0;
			defaultConfigurationName = Release;
		};
		1A506E8F25EAB9E400E51CE2 /* Build configuration list for PBXNativeTarget "Tests macOS" */ = {
			isa = XCConfigurationList;
			buildConfigurations = (
				1A506E9025EAB9E400E51CE2 /* Debug */,
				1A506E9125EAB9E400E51CE2 /* Release */,
			);
			defaultConfigurationIsVisible = 0;
			defaultConfigurationName = Release;
		};
		1ACA102F25EACA93009BDC78 /* Build configuration list for PBXNativeTarget "X5336CommonTests" */ = {
			isa = XCConfigurationList;
			buildConfigurations = (
				1ACA102D25EACA93009BDC78 /* Debug */,
				1ACA102E25EACA93009BDC78 /* Release */,
			);
			defaultConfigurationIsVisible = 0;
			defaultConfigurationName = Release;
		};
/* End XCConfigurationList section */

/* Begin XCSwiftPackageProductDependency section */
		1ADA969B2766A05D0085162B /* Lindenmayer */ = {
			isa = XCSwiftPackageProductDependency;
			productName = Lindenmayer;
		};
		1ADA969D2766A0620085162B /* Lindenmayer */ = {
			isa = XCSwiftPackageProductDependency;
			productName = Lindenmayer;
		};
		1ADA96A32766A4960085162B /* Lindenmayer */ = {
			isa = XCSwiftPackageProductDependency;
			productName = Lindenmayer;
		};
		1ADA96A52766A49B0085162B /* Lindenmayer */ = {
			isa = XCSwiftPackageProductDependency;
			productName = Lindenmayer;
		};
/* End XCSwiftPackageProductDependency section */
	};
	rootObject = 1A506E4D25EAB9E300E51CE2 /* Project object */;
}
